
Microsoft Visual Studio Solution File, Format Version 12.00
# Visual Studio Version 16
VisualStudioVersion = 16.0.31424.327
MinimumVisualStudioVersion = 10.0.40219.1
Project("{FAE04EC0-301F-11D3-BF4B-00C04F79EFBC}") = "MoodAnalyser", "MoodAnalyser\MoodAnalyser.csproj", "{0D8B1149-4875-4B64-BF14-8EEA609301C1}"
EndProject
Project("{FAE04EC0-301F-11D3-BF4B-00C04F79EFBC}") = "TestProject1", "TestProject1\TestProject1.csproj", "{4323A222-273A-481A-BC02-EA4E9AF5A262}"
EndProject
Global
	GlobalSection(SolutionConfigurationPlatforms) = preSolution
		Debug|Any CPU = Debug|Any CPU
		Release|Any CPU = Release|Any CPU
	EndGlobalSection
	GlobalSection(ProjectConfigurationPlatforms) = postSolution
		{0D8B1149-4875-4B64-BF14-8EEA609301C1}.Debug|Any CPU.ActiveCfg = Debug|Any CPU
		{0D8B1149-4875-4B64-BF14-8EEA609301C1}.Debug|Any CPU.Build.0 = Debug|Any CPU
		{0D8B1149-4875-4B64-BF14-8EEA609301C1}.Release|Any CPU.ActiveCfg = Release|Any CPU
		{0D8B1149-4875-4B64-BF14-8EEA609301C1}.Release|Any CPU.Build.0 = Release|Any CPU
		{4323A222-273A-481A-BC02-EA4E9AF5A262}.Debug|Any CPU.ActiveCfg = Debug|Any CPU
		{4323A222-273A-481A-BC02-EA4E9AF5A262}.Debug|Any CPU.Build.0 = Debug|Any CPU
		{4323A222-273A-481A-BC02-EA4E9AF5A262}.Release|Any CPU.ActiveCfg = Release|Any CPU
		{4323A222-273A-481A-BC02-EA4E9AF5A262}.Release|Any CPU.Build.0 = Release|Any CPU
	EndGlobalSection
	GlobalSection(SolutionProperties) = preSolution
		HideSolutionNode = FALSE
	EndGlobalSection
	GlobalSection(ExtensibilityGlobals) = postSolution
		SolutionGuid = {697BAB9D-AE27-43FA-ACF6-A83D7653CA20}
	EndGlobalSection
EndGlobal
